
Microsoft Visual Studio Solution File, Format Version 12.00
# Visual Studio Version 16
VisualStudioVersion = 16.0.28803.352
MinimumVisualStudioVersion = 10.0.40219.1
Project("{FAE04EC0-301F-11D3-BF4B-00C04F79EFBC}") = "EmitLog", "EmitLog\EmitLog.csproj", "{2A3F0796-32DF-488F-99B3-AEE79B30F107}"
EndProject
Project("{FAE04EC0-301F-11D3-BF4B-00C04F79EFBC}") = "ReceiveLogs", "ReceiveLogs\ReceiveLogs.csproj", "{C1BB3C91-41FD-4115-B8E7-CD5B81CF0D08}"
EndProject
Global
	GlobalSection(SolutionConfigurationPlatforms) = preSolution
		Debug|Any CPU = Debug|Any CPU
		Release|Any CPU = Release|Any CPU
	EndGlobalSection
	GlobalSection(ProjectConfigurationPlatforms) = postSolution
		{2A3F0796-32DF-488F-99B3-AEE79B30F107}.Debug|Any CPU.ActiveCfg = Debug|Any CPU
		{2A3F0796-32DF-488F-99B3-AEE79B30F107}.Debug|Any CPU.Build.0 = Debug|Any CPU
		{2A3F0796-32DF-488F-99B3-AEE79B30F107}.Release|Any CPU.ActiveCfg = Release|Any CPU
		{2A3F0796-32DF-488F-99B3-AEE79B30F107}.Release|Any CPU.Build.0 = Release|Any CPU
		{C1BB3C91-41FD-4115-B8E7-CD5B81CF0D08}.Debug|Any CPU.ActiveCfg = Debug|Any CPU
		{C1BB3C91-41FD-4115-B8E7-CD5B81CF0D08}.Debug|Any CPU.Build.0 = Debug|Any CPU
		{C1BB3C91-41FD-4115-B8E7-CD5B81CF0D08}.Release|Any CPU.ActiveCfg = Release|Any CPU
		{C1BB3C91-41FD-4115-B8E7-CD5B81CF0D08}.Release|Any CPU.Build.0 = Release|Any CPU
	EndGlobalSection
	GlobalSection(SolutionProperties) = preSolution
		HideSolutionNode = FALSE
	EndGlobalSection
	GlobalSection(ExtensibilityGlobals) = postSolution
		SolutionGuid = {340516BF-E783-414B-8044-2BA8D68DA293}
	EndGlobalSection
EndGlobal
